Microsoft Visual Studio Solution File, Format Version 11.00
# Visual Studio 2008

Project("{185BE51C-2288-461F-CBE5-044E447277A2}") = "starminer", "Assembly-CSharp-firstpass.csproj", "{5D551154-658B-7346-39C9-8DFE66B806A0}"
EndProject
Project("{185BE51C-2288-461F-CBE5-044E447277A2}") = "starminer", "Assembly-CSharp.csproj", "{E1E0ABFD-BF6A-95C7-C0E2-6060CB9F0505}"
EndProject
Project("{185BE51C-2288-461F-CBE5-044E447277A2}") = "starminer", "Assembly-UnityScript-firstpass.unityproj", "{293F31C2-0563-F038-10A0-AC73DF013DDA}"
EndProject
Global
	GlobalSection(SolutionConfigurationPlatforms) = preSolution
		Debug|Any CPU = Debug|Any CPU
		Release|Any CPU = Release|Any CPU
	EndGlobalSection
	GlobalSection(ProjectConfigurationPlatforms) = postSolution
		{5D551154-658B-7346-39C9-8DFE66B806A0}.Debug|Any CPU.ActiveCfg = Debug|Any CPU
		{5D551154-658B-7346-39C9-8DFE66B806A0}.Debug|Any CPU.Build.0 = Debug|Any CPU
		{5D551154-658B-7346-39C9-8DFE66B806A0}.Release|Any CPU.ActiveCfg = Release|Any CPU
		{5D551154-658B-7346-39C9-8DFE66B806A0}.Release|Any CPU.Build.0 = Release|Any CPU
		{E1E0ABFD-BF6A-95C7-C0E2-6060CB9F0505}.Debug|Any CPU.ActiveCfg = Debug|Any CPU
		{E1E0ABFD-BF6A-95C7-C0E2-6060CB9F0505}.Debug|Any CPU.Build.0 = Debug|Any CPU
		{E1E0ABFD-BF6A-95C7-C0E2-6060CB9F0505}.Release|Any CPU.ActiveCfg = Release|Any CPU
		{E1E0ABFD-BF6A-95C7-C0E2-6060CB9F0505}.Release|Any CPU.Build.0 = Release|Any CPU
		{293F31C2-0563-F038-10A0-AC73DF013DDA}.Debug|Any CPU.ActiveCfg = Debug|Any CPU
		{293F31C2-0563-F038-10A0-AC73DF013DDA}.Debug|Any CPU.Build.0 = Debug|Any CPU
		{293F31C2-0563-F038-10A0-AC73DF013DDA}.Release|Any CPU.ActiveCfg = Release|Any CPU
		{293F31C2-0563-F038-10A0-AC73DF013DDA}.Release|Any CPU.Build.0 = Release|Any CPU
	EndGlobalSection
	GlobalSection(SolutionProperties) = preSolution
		HideSolutionNode = FALSE
	EndGlobalSection
								GlobalSection(MonoDevelopProperties) = preSolution
		StartupItem = Assembly-CSharp.csproj
		Policies = $0
		$0.TextStylePolicy = $1
		$1.inheritsSet = null
		$1.scope = text/x-csharp
		$0.CSharpFormattingPolicy = $2
		$2.inheritsSet = Mono
		$2.inheritsScope = text/x-csharp
		$2.scope = text/x-csharp
		$0.TextStylePolicy = $3
		$3.FileWidth = 120
		$3.TabWidth = 4
		$3.EolMarker = Unix
		$3.inheritsSet = Mono
		$3.inheritsScope = text/plain
		$3.scope = text/plain
	EndGlobalSection

EndGlobal
